{
    "_meta": {
        "hash": {
            "sha256": "a43cb34f9ec7624ef32f85f64309000b0a48408aa608f0b5184b069b56e56a02"
        },
        "pipfile-spec": 6,
        "requires": {
            "python_version": "3.6"
        },
        "sources": [
            {
                "name": "pypi",
                "url": "https://pypi.python.org/simple",
                "verify_ssl": true
            }
        ]
    },
    "default": {
        "boto3": {
            "hashes": [
                "sha256:30badbe5dab638e764e23125479e848c446a9669ef0612b8d8d305738bc442d3",
                "sha256:c2dd70cb1ee2c49aed8bd3782fa82a766ad68921e1230620d41f4efe3b16bb75"
            ],
            "index": "pypi",
            "version": "==1.9.106"
        },
        "botocore": {
            "hashes": [
                "sha256:3baf129118575602ada9926f5166d82d02273c250d0feb313fc270944b27c48b",
                "sha256:dc080aed4f9b220a9e916ca29ca97a9d37e8e1d296fe89cbaeef929bf0c8066b"
            ],
            "version": "==1.12.253"
        },
        "certifi": {
            "hashes": [
                "sha256:1a4995114262bffbc2413b159f2a1a480c969de6e6eb13ee966d470af86af59c",
                "sha256:719a74fb9e33b9bd44cc7f3a8d94bc35e4049deebe19ba7d8e108280cfd59830"
            ],
            "version": "==2020.12.5"
        },
        "cffi": {
            "hashes": [
                "sha256:005a36f41773e148deac64b08f233873a4d0c18b053d37da83f6af4d9087b813",
                "sha256:0857f0ae312d855239a55c81ef453ee8fd24136eaba8e87a2eceba644c0d4c06",
                "sha256:1071534bbbf8cbb31b498d5d9db0f274f2f7a865adca4ae429e147ba40f73dea",
                "sha256:158d0d15119b4b7ff6b926536763dc0714313aa59e320ddf787502c70c4d4bee",
                "sha256:1f436816fc868b098b0d63b8920de7d208c90a67212546d02f84fe78a9c26396",
                "sha256:2894f2df484ff56d717bead0a5c2abb6b9d2bf26d6960c4604d5c48bbc30ee73",
                "sha256:29314480e958fd8aab22e4a58b355b629c59bf5f2ac2492b61e3dc06d8c7a315",
                "sha256:34eff4b97f3d982fb93e2831e6750127d1355a923ebaeeb565407b3d2f8d41a1",
                "sha256:35f27e6eb43380fa080dccf676dece30bef72e4a67617ffda586641cd4508d49",
                "sha256:3d3dd4c9e559eb172ecf00a2a7517e97d1e96de2a5e610bd9b68cea3925b4892",
                "sha256:43e0b9d9e2c9e5d152946b9c5fe062c151614b262fda2e7b201204de0b99e482",
                "sha256:48e1c69bbacfc3d932221851b39d49e81567a4d4aac3b21258d9c24578280058",
                "sha256:51182f8927c5af975fece87b1b369f722c570fe169f9880764b1ee3bca8347b5",
                "sha256:58e3f59d583d413809d60779492342801d6e82fefb89c86a38e040c16883be53",
                "sha256:5de7970188bb46b7bf9858eb6890aad302577a5f6f75091fd7cdd3ef13ef3045",
                "sha256:65fa59693c62cf06e45ddbb822165394a288edce9e276647f0046e1ec26920f3",
                "sha256:69e395c24fc60aad6bb4fa7e583698ea6cc684648e1ffb7fe85e3c1ca131a7d5",
                "sha256:6c97d7350133666fbb5cf4abdc1178c812cb205dc6f41d174a7b0f18fb93337e",
                "sha256:6e4714cc64f474e4d6e37cfff31a814b509a35cb17de4fb1999907575684479c",
                "sha256:72d8d3ef52c208ee1c7b2e341f7d71c6fd3157138abf1a95166e6165dd5d4369",
                "sha256:8ae6299f6c68de06f136f1f9e69458eae58f1dacf10af5c17353eae03aa0d827",
                "sha256:8b198cec6c72df5289c05b05b8b0969819783f9418e0409865dac47288d2a053",
                "sha256:99cd03ae7988a93dd00bcd9d0b75e1f6c426063d6f03d2f90b89e29b25b82dfa",
                "sha256:9cf8022fb8d07a97c178b02327b284521c7708d7c71a9c9c355c178ac4bbd3d4",
                "sha256:9de2e279153a443c656f2defd67769e6d1e4163952b3c622dcea5b08a6405322",
                "sha256:9e93e79c2551ff263400e1e4be085a1210e12073a31c2011dbbda14bda0c6132",
                "sha256:9ff227395193126d82e60319a673a037d5de84633f11279e336f9c0f189ecc62",
                "sha256:a465da611f6fa124963b91bf432d960a555563efe4ed1cc403ba5077b15370aa",
                "sha256:ad17025d226ee5beec591b52800c11680fca3df50b8b29fe51d882576e039ee0",
                "sha256:afb29c1ba2e5a3736f1c301d9d0abe3ec8b86957d04ddfa9d7a6a42b9367e396",
                "sha256:b85eb46a81787c50650f2392b9b4ef23e1f126313b9e0e9013b35c15e4288e2e",
                "sha256:bb89f306e5da99f4d922728ddcd6f7fcebb3241fc40edebcb7284d7514741991",
                "sha256:cbde590d4faaa07c72bf979734738f328d239913ba3e043b1e98fe9a39f8b2b6",
                "sha256:cd2868886d547469123fadc46eac7ea5253ea7fcb139f12e1dfc2bbd406427d1",
                "sha256:d42b11d692e11b6634f7613ad8df5d6d5f8875f5d48939520d351007b3c13406",
                "sha256:f2d45f97ab6bb54753eab54fffe75aaf3de4ff2341c9daee1987ee1837636f1d",
                "sha256:fd78e5fee591709f32ef6edb9a015b4aa1a5022598e36227500c8f4e02328d9c"
            ],
            "version": "==1.14.5"
        },
        "chardet": {
            "hashes": [
                "sha256:84ab92ed1c4d4f16916e05906b6b75a6c0fb5db821cc65e70cbd64a3e2a5eaae",
                "sha256:fc323ffcaeaed0e0a02bf4d117757b98aed530d9ed4531e3e15460124c106691"
            ],
            "version": "==3.0.4"
        },
        "cryptography": {
            "hashes": [
                "sha256:066bc53f052dfeda2f2d7c195cf16fb3e5ff13e1b6b7415b468514b40b381a5b",
                "sha256:0923ba600d00718d63a3976f23cab19aef10c1765038945628cd9be047ad0336",
                "sha256:2d32223e5b0ee02943f32b19245b61a62db83a882f0e76cc564e1cec60d48f87",
                "sha256:4169a27b818de4a1860720108b55a2801f32b6ae79e7f99c00d79f2a2822eeb7",
                "sha256:57ad77d32917bc55299b16d3b996ffa42a1c73c6cfa829b14043c561288d2799",
                "sha256:5ecf2bcb34d17415e89b546dbb44e73080f747e504273e4d4987630493cded1b",
                "sha256:600cf9bfe75e96d965509a4c0b2b183f74a4fa6f5331dcb40fb7b77b7c2484df",
                "sha256:66b57a9ca4b3221d51b237094b0303843b914b7d5afd4349970bb26518e350b0",
                "sha256:93cfe5b7ff006de13e1e89830810ecbd014791b042cbe5eec253be11ac2b28f3",
                "sha256:9e98b452132963678e3ac6c73f7010fe53adf72209a32854d55690acac3f6724",
                "sha256:df186fcbf86dc1ce56305becb8434e4b6b7504bc724b71ad7a3239e0c9d14ef2",
                "sha256:fec7fb46b10da10d9e1d078d1ff8ed9e05ae14f431fdbd11145edd0550b9a964"
            ],
            "version": "==3.4.6"
        },
        "dj-database-url": {
            "hashes": [
                "sha256:4aeaeb1f573c74835b0686a2b46b85990571159ffc21aa57ecd4d1e1cb334163",
                "sha256:851785365761ebe4994a921b433062309eb882fedd318e1b0fcecc607ed02da9"
            ],
            "index": "pypi",
            "version": "==0.5.0"
        },
        "django": {
            "hashes": [
                "sha256:0eaca08f236bf502a9773e53623f766cc3ceee6453cc41e6de1c8b80f07d2364",
                "sha256:c9c994f5e0a032cbd45089798b52e4080f4dea7241c58e3e0636c54146480bb4"
            ],
            "index": "pypi",
            "version": "==2.2.18"
        },
        "django-dotenv": {
            "hashes": [
                "sha256:3812bb0f4876cf31f902aad140f0645e120e51ee30eb7c40c22050f58a0e4adb",
                "sha256:a9b1b40a70bd321acd231926acedb9bd2c5e873e33a1873b34a7276d196a765e"
            ],
            "index": "pypi",
            "version": "==1.4.2"
        },
        "django-getenv": {
            "hashes": [
                "sha256:cede44ed68570aefe91a32925b28f1d111c93023bb387c5adb36bbd42c0e5739",
                "sha256:d292571cefb84904a25d163689fc8f451c3cd090be72c6b3dc60a9c44730baee"
            ],
            "index": "pypi",
            "version": "==1.3.2"
        },
        "django-heroku": {
            "hashes": [
                "sha256:2bc690aab89eedbe01311752320a9a12e7548e3b0ed102681acc5736a41a4762",
                "sha256:6af4bc3ae4a9b55eaad6dbe5164918982d2762661aebc9f83d9fa49f6009514e"
            ],
            "index": "pypi",
            "version": "==0.3.1"
        },
        "django-rest-knox": {
            "hashes": [
                "sha256:63c36a5aa3d273d821739c4716aacfadf00c51a50d7b68aed54a67a1209004dc",
                "sha256:6f4126df24b6f142c1fde1c9207f6e0f4cd604cc4dc7a7fb66fab9361c4ccc77",
                "sha256:a4ce42ba19fe6c39f72342290d2ac27721c075deefe99cb3b71e9265cdfa21ee"
            ],
            "index": "pypi",
            "version": "==3.6.0"
        },
        "django-storages": {
            "hashes": [
                "sha256:8e35d2c7baeda5dc6f0b4f9a0fc142d25f9a1bf72b8cebfcbc5db4863abc552d",
                "sha256:b1a63cd5ea286ee5a9fb45de6c3c5c0ae132d58308d06f1ce9865cfcd5e470a7"
            ],
            "index": "pypi",
            "version": "==1.7.1"
        },
        "django-webpack-loader": {
            "hashes": [
                "sha256:60bab6b9a037a5346fad12d2a70a6bc046afb33154cf75ed640b93d3ebd5f520",
                "sha256:970b968c2a8975fb7eff56a3bab5d0d90d396740852d1e0c50c5cfe2b824199a"
            ],
            "index": "pypi",
            "version": "==0.6.0"
        },
        "djangorestframework": {
            "hashes": [
                "sha256:8a435df9007c8b7d8e69a21ef06650e3c0cbe0d4b09e55dd1bd74c89a75a9fcd",
                "sha256:f7a266260d656e1cf4ca54d7a7349609dc8af4fe2590edd0ecd7d7643ea94a17"
            ],
            "index": "pypi",
            "version": "==3.9.2"
        },
        "docutils": {
            "hashes": [
                "sha256:6c4f696463b79f1fb8ba0c594b63840ebd41f059e92b31957c46b74a4599b6d0",
                "sha256:9e4d7ecfc600058e07ba661411a2b7de2fd0fafa17d1a7f7361cd47b1175c827",
                "sha256:a2aeea129088da402665e92e0b25b04b073c04b2dce4ab65caaa38b7ce2e1a99"
            ],
            "version": "==0.15.2"
        },
        "easy-thumbnails": {
            "hashes": [
                "sha256:23fbe3415c93b2369ece8ebdfb5faa05540943bef8b941b3118ce769ba95e275"
            ],
            "index": "pypi",
            "version": "==2.6"
        },
        "gunicorn": {
            "hashes": [
                "sha256:aa8e0b40b4157b36a5df5e599f45c9c76d6af43845ba3b3b0efe2c70473c2471",
                "sha256:fa2662097c66f920f53f70621c6c58ca4a3c4d3434205e608e121b5b3b71f4f3"
            ],
            "index": "pypi",
            "version": "==19.9.0"
        },
        "idna": {
            "hashes": [
                "sha256:c357b3f628cf53ae2c4c05627ecc484553142ca23264e593d327bcde5e9c3407",
                "sha256:ea8b7f6188e6fa117537c3df7da9fc686d485087abf6ac197f9c46432f7e4a3c"
            ],
            "version": "==2.8"
        },
        "jmespath": {
            "hashes": [
                "sha256:b85d0567b8666149a93172712e68920734333c0ce7e89b78b3e987f71e5ed4f9",
                "sha256:cdf6525904cc597730141d61b36f2e4b8ecc257c420fa2f4549bac2c2d0cb72f"
            ],
            "version": "==0.10.0"
        },
        "pillow": {
            "hashes": [
                "sha256:051de330a06c99d6f84bcf582960487835bcae3fc99365185dc2d4f65a390c0e",
                "sha256:0ae5289948c5e0a16574750021bd8be921c27d4e3527800dc9c2c1d2abc81bf7",
                "sha256:0b1efce03619cdbf8bcc61cfae81fcda59249a469f31c6735ea59badd4a6f58a",
                "sha256:163136e09bd1d6c6c6026b0a662976e86c58b932b964f255ff384ecc8c3cefa3",
                "sha256:18e912a6ccddf28defa196bd2021fe33600cbe5da1aa2f2e2c6df15f720b73d1",
                "sha256:24ec3dea52339a610d34401d2d53d0fb3c7fd08e34b20c95d2ad3973193591f1",
                "sha256:267f8e4c0a1d7e36e97c6a604f5b03ef58e2b81c1becb4fccecddcb37e063cc7",
                "sha256:3273a28734175feebbe4d0a4cde04d4ed20f620b9b506d26f44379d3c72304e1",
                "sha256:4c678e23006798fc8b6f4cef2eaad267d53ff4c1779bd1af8725cc11b72a63f3",
                "sha256:4d4bc2e6bb6861103ea4655d6b6f67af8e5336e7216e20fff3e18ffa95d7a055",
                "sha256:505738076350a337c1740a31646e1de09a164c62c07db3b996abdc0f9d2e50cf",
                "sha256:5233664eadfa342c639b9b9977190d64ad7aca4edc51a966394d7e08e7f38a9f",
                "sha256:5d95cb9f6cced2628f3e4de7e795e98b2659dfcc7176ab4a01a8b48c2c2f488f",
                "sha256:7eda4c737637af74bac4b23aa82ea6fbb19002552be85f0b89bc27e3a762d239",
                "sha256:801ddaa69659b36abf4694fed5aa9f61d1ecf2daaa6c92541bbbbb775d97b9fe",
                "sha256:825aa6d222ce2c2b90d34a0ea31914e141a85edefc07e17342f1d2fdf121c07c",
                "sha256:9c215442ff8249d41ff58700e91ef61d74f47dfd431a50253e1a1ca9436b0697",
                "sha256:a3d90022f2202bbb14da991f26ca7a30b7e4c62bf0f8bf9825603b22d7e87494",
                "sha256:a631fd36a9823638fe700d9225f9698fb59d049c942d322d4c09544dc2115356",
                "sha256:a6523a23a205be0fe664b6b8747a5c86d55da960d9586db039eec9f5c269c0e6",
                "sha256:a756ecf9f4b9b3ed49a680a649af45a8767ad038de39e6c030919c2f443eb000",
                "sha256:b117287a5bdc81f1bac891187275ec7e829e961b8032c9e5ff38b70fd036c78f",
                "sha256:ba04f57d1715ca5ff74bb7f8a818bf929a204b3b3c2c2826d1e1cc3b1c13398c",
                "sha256:cd878195166723f30865e05d87cbaf9421614501a4bd48792c5ed28f90fd36ca",
                "sha256:cee815cc62d136e96cf76771b9d3eb58e0777ec18ea50de5cfcede8a7c429aa8",
                "sha256:d1722b7aa4b40cf93ac3c80d3edd48bf93b9208241d166a14ad8e7a20ee1d4f3",
                "sha256:d7c1c06246b05529f9984435fc4fa5a545ea26606e7f450bdbe00c153f5aeaad",
                "sha256:e9c8066249c040efdda84793a2a669076f92a301ceabe69202446abb4c5c5ef9",
                "sha256:f227d7e574d050ff3996049e086e1f18c7bd2d067ef24131e50a1d3fe5831fbc",
                "sha256:fc9a12aad714af36cf3ad0275a96a733526571e52710319855628f476dcb144e"
            ],
            "index": "pypi",
            "version": "==5.4.1"
        },
        "psycopg2": {
            "hashes": [
                "sha256:00195b5f6832dbf2876b8bf77f12bdce648224c89c880719c745b90515233301",
                "sha256:068115e13c70dc5982dfc00c5d70437fe37c014c808acce119b5448361c03725",
                "sha256:26e7fd115a6db75267b325de0fba089b911a4a12ebd3d0b5e7acb7028bc46821",
                "sha256:2c93d4d16933fea5bbacbe1aaf8fa8c1348740b2e50b3735d1b0bf8154cbf0f3",
                "sha256:56007a226b8e95aa980ada7abdea6b40b75ce62a433bd27cec7a8178d57f4051",
                "sha256:56fee7f818d032f802b8eed81ef0c1232b8b42390df189cab9cfa87573fe52c5",
                "sha256:6a3d9efb6f36f1fe6aa8dbb5af55e067db802502c55a9defa47c5a1dad41df84",
                "sha256:a49833abfdede8985ba3f3ec641f771cca215479f41523e99dace96d5b8cce2a",
                "sha256:ad2fe8a37be669082e61fb001c185ffb58867fdbb3e7a6b0b0d2ffe232353a3e",
                "sha256:b8cae8b2f022efa1f011cc753adb9cbadfa5a184431d09b273fb49b4167561ad",
                "sha256:d160744652e81c80627a909a0e808f3c6653a40af435744de037e3172cf277f5",
                "sha256:d5062ae50b222da28253059880a871dc87e099c25cb68acf613d9d227413d6f7",
                "sha256:f22ea9b67aea4f4a1718300908a2fb62b3e4276cf00bd829a97ab5894af42ea3",
                "sha256:f974c96fca34ae9e4f49839ba6b78addf0346777b46c4da27a7bf54f48d3057d",
                "sha256:fb23f6c71107c37fd667cb4ea363ddeb936b348bbd6449278eb92c189699f543"
            ],
            "version": "==2.8.6"
        },
        "psycopg2-binary": {
            "hashes": [
                "sha256:19a2d1f3567b30f6c2bb3baea23f74f69d51f0c06c2e2082d0d9c28b0733a4c2",
                "sha256:2b69cf4b0fa2716fd977aa4e1fd39af6110eb47b2bb30b4e5a469d8fbecfc102",
                "sha256:2e952fa17ba48cbc2dc063ddeec37d7dc4ea0ef7db0ac1eda8906365a8543f31",
                "sha256:348b49dd737ff74cfb5e663e18cb069b44c64f77ec0523b5794efafbfa7df0b8",
                "sha256:3d72a5fdc5f00ca85160915eb9a973cf9a0ab8148f6eda40708bf672c55ac1d1",
                "sha256:4957452f7868f43f32c090dadb4188e9c74a4687323c87a882e943c2bd4780c3",
                "sha256:5138cec2ee1e53a671e11cc519505eb08aaaaf390c508f25b09605763d48de4b",
                "sha256:587098ca4fc46c95736459d171102336af12f0d415b3b865972a79c03f06259f",
                "sha256:5b79368bcdb1da4a05f931b62760bea0955ee2c81531d8e84625df2defd3f709",
                "sha256:5cf43807392247d9bc99737160da32d3fa619e0bfd85ba24d1c78db205f472a4",
                "sha256:676d1a80b1eebc0cacae8dd09b2fde24213173bf65650d22b038c5ed4039f392",
                "sha256:6b0211ecda389101a7d1d3df2eba0cf7ffbdd2480ca6f1d2257c7bd739e84110",
                "sha256:79cde4660de6f0bb523c229763bd8ad9a93ac6760b72c369cf1213955c430934",
                "sha256:7aba9786ac32c2a6d5fb446002ed936b47d5e1f10c466ef7e48f66eb9f9ebe3b",
                "sha256:7c8159352244e11bdd422226aa17651110b600d175220c451a9acf795e7414e0",
                "sha256:945f2eedf4fc6b2432697eb90bb98cc467de5147869e57405bfc31fa0b824741",
                "sha256:96b4e902cde37a7fc6ab306b3ac089a3949e6ce3d824eeca5b19dc0bedb9f6e2",
                "sha256:9a7bccb1212e63f309eb9fab47b6eaef796f59850f169a25695b248ca1bf681b",
                "sha256:a3bfcac727538ec11af304b5eccadbac952d4cca1a551a29b8fe554e3ad535dc",
                "sha256:b19e9f1b85c5d6136f5a0549abdc55dcbd63aba18b4f10d0d063eb65ef2c68b4",
                "sha256:b664011bb14ca1f2287c17185e222f2098f7b4c857961dbcf9badb28786dbbf4",
                "sha256:bde7959ef012b628868d69c474ec4920252656d0800835ed999ba5e4f57e3e2e",
                "sha256:cb095a0657d792c8de9f7c9a0452385a309dfb1bbbb3357d6b1e216353ade6ca",
                "sha256:d16d42a1b9772152c1fe606f679b2316551f7e1a1ce273e7f808e82a136cdb3d",
                "sha256:d444b1545430ffc1e7a24ce5a9be122ccd3b135a7b7e695c5862c5aff0b11159",
                "sha256:d93ccc7bf409ec0a23f2ac70977507e0b8a8d8c54e5ee46109af2f0ec9e411f3",
                "sha256:df6444f952ca849016902662e1a47abf4fa0678d75f92fd9dd27f20525f809cd",
                "sha256:e63850d8c52ba2b502662bf3c02603175c2397a9acc756090e444ce49508d41e",
                "sha256:ec43358c105794bc2b6fd34c68d27f92bea7102393c01889e93f4b6a70975728",
                "sha256:f4c6926d9c03dadce7a3b378b40d2fea912c1344ef9b29869f984fb3d2a2420b"
            ],
            "index": "pypi",
            "version": "==2.7.7"
        },
        "pycparser": {
            "hashes": [
                "sha256:2d475327684562c3a96cc71adf7dc8c4f0565175cf86b6d7a404ff4c771f15f0",
                "sha256:7582ad22678f0fcd81102833f60ef8d0e57288b6b5fb00323d101be910e35705"
            ],
            "version": "==2.20"
        },
        "pyopenssl": {
            "hashes": [
                "sha256:4c231c759543ba02560fcd2480c48dcec4dae34c9da7d3747c508227e0624b51",
                "sha256:818ae18e06922c066f777a33f1fca45786d85edfe71cd043de6379337a7f274b"
            ],
            "version": "==20.0.1"
        },
        "python-dateutil": {
            "hashes": [
                "sha256:73ebfe9dbf22e832286dafa60473e4cd239f8592f699aa5adaf10050e6e1823c",
                "sha256:75bb3f31ea686f1197762692a9ee6a7550b59fc6ca3a1f4b5d7e32fb98e2da2a"
            ],
            "markers": "python_version >= '2.7'",
            "version": "==2.8.1"
        },
        "pytz": {
            "hashes": [
                "sha256:83a4a90894bf38e243cf052c8b58f381bfe9a7a483f6a9cab140bc7f702ac4da",
                "sha256:eb10ce3e7736052ed3623d49975ce333bcd712c7bb19a58b9e2089d4057d0798"
            ],
            "version": "==2021.1"
        },
        "requests": {
            "hashes": [
                "sha256:502a824f31acdacb3a35b6690b5fbf0bc41d63a24a45c4004352b0242707598e",
                "sha256:7bf2a778576d825600030a110f3c0e3e8edc51dfaafe1c146e39a2027784957b"
            ],
            "index": "pypi",
            "version": "==2.21.0"
        },
        "s3transfer": {
            "hashes": [
                "sha256:6efc926738a3cd576c2a79725fed9afde92378aa5c6a957e3af010cb019fac9d",
                "sha256:b780f2411b824cb541dbcd2c713d0cb61c7d1bcadae204cdddda2b35cef493ba"
            ],
            "version": "==0.2.1"
        },
        "six": {
            "hashes": [
                "sha256:30639c035cdb23534cd4aa2dd52c3bf48f06e5f4a941509c8bafd8ce11080259",
                "sha256:8b74bedcbbbaca38ff6d7491d76f2b06b3592611af620f8426e82dddb04a5ced"
            ],
            "version": "==1.15.0"
        },
        "sqlparse": {
            "hashes": [
                "sha256:017cde379adbd6a1f15a61873f43e8274179378e95ef3fede90b5aa64d304ed0",
                "sha256:0f91fd2e829c44362cbcfab3e9ae12e22badaa8a29ad5ff599f9ec109f0454e8"
            ],
            "version": "==0.4.1"
        },
        "unipath": {
            "hashes": [
                "sha256:09839adcc72e8a24d4f76d63656f30b5a1f721fc40c9bcd79d8c67bdd8b47dae",
                "sha256:e6257e508d8abbfb6ddd8ec357e33589f1f48b1599127f23b017124d90b0fff7"
            ],
            "index": "pypi",
            "version": "==1.1"
        },
        "urllib3": {
            "hashes": [
                "sha256:2393a695cd12afedd0dcb26fe5d50d0cf248e5a66f75dbd89a3d4eb333a61af4",
                "sha256:a637e5fae88995b256e3409dc4d52c2e2e0ba32c42a6365fee8bbd2238de3cfb"
            ],
            "markers": "python_version >= '3.4'",
            "version": "==1.24.3"
        },
        "whitenoise": {
            "hashes": [
                "sha256:118ab3e5f815d380171b100b05b76de2a07612f422368a201a9ffdeefb2251c1",
                "sha256:42133ddd5229eeb6a0c9899496bdbe56c292394bf8666da77deeb27454c0456a"
            ],
            "index": "pypi",
            "version": "==4.1.2"
        }
    },
    "develop": {
        "asgiref": {
            "hashes": [
                "sha256:5ee950735509d04eb673bd7f7120f8fa1c9e2df495394992c73234d526907e17",
                "sha256:7162a3cb30ab0609f1a4c95938fd73e8604f63bdba516a7f7d64b83ff09478f0"
            ],
            "version": "==3.3.1"
        },
        "attrs": {
            "hashes": [
                "sha256:31b2eced602aa8423c2aea9c76a724617ed67cf9513173fd3a4f03e3a929c7e6",
                "sha256:832aa3cde19744e49938b91fea06d69ecb9e649c93ba974535d08ad92164f700"
            ],
            "version": "==20.3.0"
        },
        "coverage": {
            "hashes": [
                "sha256:004d1880bed2d97151facef49f08e255a20ceb6f9432df75f4eef018fdd5a78c",
                "sha256:01d84219b5cdbfc8122223b39a954820929497a1cb1422824bb86b07b74594b6",
                "sha256:040af6c32813fa3eae5305d53f18875bedd079960822ef8ec067a66dd8afcd45",
                "sha256:06191eb60f8d8a5bc046f3799f8a07a2d7aefb9504b0209aff0b47298333302a",
                "sha256:13034c4409db851670bc9acd836243aeee299949bd5673e11844befcb0149f03",
                "sha256:13c4ee887eca0f4c5a247b75398d4114c37882658300e153113dafb1d76de529",
                "sha256:184a47bbe0aa6400ed2d41d8e9ed868b8205046518c52464fde713ea06e3a74a",
                "sha256:18ba8bbede96a2c3dde7b868de9dcbd55670690af0988713f0603f037848418a",
                "sha256:1aa846f56c3d49205c952d8318e76ccc2ae23303351d9270ab220004c580cfe2",
                "sha256:217658ec7187497e3f3ebd901afdca1af062b42cfe3e0dafea4cced3983739f6",
                "sha256:24d4a7de75446be83244eabbff746d66b9240ae020ced65d060815fac3423759",
                "sha256:2910f4d36a6a9b4214bb7038d537f015346f413a975d57ca6b43bf23d6563b53",
                "sha256:2949cad1c5208b8298d5686d5a85b66aae46d73eec2c3e08c817dd3513e5848a",
                "sha256:2a3859cb82dcbda1cfd3e6f71c27081d18aa251d20a17d87d26d4cd216fb0af4",
                "sha256:2cafbbb3af0733db200c9b5f798d18953b1a304d3f86a938367de1567f4b5bff",
                "sha256:2e0d881ad471768bf6e6c2bf905d183543f10098e3b3640fc029509530091502",
                "sha256:30c77c1dc9f253283e34c27935fded5015f7d1abe83bc7821680ac444eaf7793",
                "sha256:3487286bc29a5aa4b93a072e9592f22254291ce96a9fbc5251f566b6b7343cdb",
                "sha256:372da284cfd642d8e08ef606917846fa2ee350f64994bebfbd3afb0040436905",
                "sha256:41179b8a845742d1eb60449bdb2992196e211341818565abded11cfa90efb821",
                "sha256:44d654437b8ddd9eee7d1eaee28b7219bec228520ff809af170488fd2fed3e2b",
                "sha256:4a7697d8cb0f27399b0e393c0b90f0f1e40c82023ea4d45d22bce7032a5d7b81",
                "sha256:51cb9476a3987c8967ebab3f0fe144819781fca264f57f89760037a2ea191cb0",
                "sha256:52596d3d0e8bdf3af43db3e9ba8dcdaac724ba7b5ca3f6358529d56f7a166f8b",
                "sha256:53194af30d5bad77fcba80e23a1441c71abfb3e01192034f8246e0d8f99528f3",
                "sha256:5fec2d43a2cc6965edc0bb9e83e1e4b557f76f843a77a2496cbe719583ce8184",
                "sha256:6c90e11318f0d3c436a42409f2749ee1a115cd8b067d7f14c148f1ce5574d701",
                "sha256:74d881fc777ebb11c63736622b60cb9e4aee5cace591ce274fb69e582a12a61a",
                "sha256:7501140f755b725495941b43347ba8a2777407fc7f250d4f5a7d2a1050ba8e82",
                "sha256:796c9c3c79747146ebd278dbe1e5c5c05dd6b10cc3bcb8389dfdf844f3ead638",
                "sha256:869a64f53488f40fa5b5b9dcb9e9b2962a66a87dab37790f3fcfb5144b996ef5",
                "sha256:8963a499849a1fc54b35b1c9f162f4108017b2e6db2c46c1bed93a72262ed083",
                "sha256:8d0a0725ad7c1a0bcd8d1b437e191107d457e2ec1084b9f190630a4fb1af78e6",
                "sha256:900fbf7759501bc7807fd6638c947d7a831fc9fdf742dc10f02956ff7220fa90",
                "sha256:92b017ce34b68a7d67bd6d117e6d443a9bf63a2ecf8567bb3d8c6c7bc5014465",
                "sha256:970284a88b99673ccb2e4e334cfb38a10aab7cd44f7457564d11898a74b62d0a",
                "sha256:972c85d205b51e30e59525694670de6a8a89691186012535f9d7dbaa230e42c3",
                "sha256:9a1ef3b66e38ef8618ce5fdc7bea3d9f45f3624e2a66295eea5e57966c85909e",
                "sha256:af0e781009aaf59e25c5a678122391cb0f345ac0ec272c7961dc5455e1c40066",
                "sha256:b6d534e4b2ab35c9f93f46229363e17f63c53ad01330df9f2d6bd1187e5eaacf",
                "sha256:b7895207b4c843c76a25ab8c1e866261bcfe27bfaa20c192de5190121770672b",
                "sha256:c0891a6a97b09c1f3e073a890514d5012eb256845c451bd48f7968ef939bf4ae",
                "sha256:c2723d347ab06e7ddad1a58b2a821218239249a9e4365eaff6649d31180c1669",
                "sha256:d1f8bf7b90ba55699b3a5e44930e93ff0189aa27186e96071fac7dd0d06a1873",
                "sha256:d1f9ce122f83b2305592c11d64f181b87153fc2c2bbd3bb4a3dde8303cfb1a6b",
                "sha256:d314ed732c25d29775e84a960c3c60808b682c08d86602ec2c3008e1202e3bb6",
                "sha256:d636598c8305e1f90b439dbf4f66437de4a5e3c31fdf47ad29542478c8508bbb",
                "sha256:deee1077aae10d8fa88cb02c845cfba9b62c55e1183f52f6ae6a2df6a2187160",
                "sha256:ebe78fe9a0e874362175b02371bdfbee64d8edc42a044253ddf4ee7d3c15212c",
                "sha256:f030f8873312a16414c0d8e1a1ddff2d3235655a2174e3648b4fa66b3f2f1079",
                "sha256:f0b278ce10936db1a37e6954e15a3730bea96a0997c26d7fee88e6c396c2086d",
                "sha256:f11642dddbb0253cc8853254301b51390ba0081750a8ac03f20ea8103f0c56b6"
            ],
            "version": "==5.5"
        },
        "django": {
            "hashes": [
                "sha256:0eaca08f236bf502a9773e53623f766cc3ceee6453cc41e6de1c8b80f07d2364",
                "sha256:c9c994f5e0a032cbd45089798b52e4080f4dea7241c58e3e0636c54146480bb4"
            ],
            "index": "pypi",
            "version": "==2.2.18"
        },
        "django-debug-toolbar": {
            "hashes": [
                "sha256:89d75b60c65db363fb24688d977e5fbf0e73386c67acf562d278402a10fc3736",
                "sha256:c2b0134119a624f4ac9398b44f8e28a01c7686ac350a12a74793f3dd57a9eea0"
            ],
            "index": "pypi",
            "version": "==1.11"
        },
        "importlib-metadata": {
            "hashes": [
                "sha256:742add720a20d0467df2f444ae41704000f50e1234f46174b51f9c6031a1bd71",
                "sha256:b74159469b464a99cb8cc3e21973e4d96e05d3024d337313fedb618a6e86e6f4"
            ],
            "markers": "python_version < '3.8'",
            "version": "==3.7.3"
        },
        "iniconfig": {
            "hashes": [
                "sha256:011e24c64b7f47f6ebd835bb12a743f2fbe9a26d4cecaa7f53bc4f35ee9da8b3",
                "sha256:bc3af051d7d14b2ee5ef9969666def0cd1a000e121eaea580d4a313df4b37f32"
            ],
            "version": "==1.1.1"
        },
        "packaging": {
            "hashes": [
                "sha256:5b327ac1320dc863dca72f4514ecc086f31186744b84a230374cc1fd776feae5",
                "sha256:67714da7f7bc052e064859c05c595155bd1ee9f69f76557e21f051443c20947a"
            ],
            "version": "==20.9"
        },
        "pluggy": {
            "hashes": [
                "sha256:15b2acde666561e1298d71b523007ed7364de07029219b604cf808bfa1c765b0",
                "sha256:966c145cd83c96502c3c3868f50408687b38434af77734af1e9ca461a4081d2d"
            ],
            "version": "==0.13.1"
        },
        "py": {
            "hashes": [
                "sha256:21b81bda15b66ef5e1a777a21c4dcd9c20ad3efd0b3f817e7a809035269e1bd3",
                "sha256:3b80836aa6d1feeaa108e046da6423ab8f6ceda6468545ae8d02d9d58d18818a"
            ],
            "version": "==1.10.0"
        },
        "pyparsing": {
            "hashes": [
                "sha256:c203ec8783bf771a155b207279b9bccb8dea02d8f0c9e5f8ead507bc3246ecc1",
                "sha256:ef9d7589ef3c200abe66653d3f1ab1033c3c419ae9b9bdb1240a85b024efc88b"
            ],
            "version": "==2.4.7"
        },
        "pytest": {
            "hashes": [
                "sha256:9d1edf9e7d0b84d72ea3dbcdfd22b35fb543a5e8f2a60092dd578936bf63d7f9",
                "sha256:b574b57423e818210672e07ca1fa90aaf194a4f63f3ab909a2c67ebb22913839"
            ],
            "version": "==6.2.2"
        },
        "pytest-cov": {
            "hashes": [
                "sha256:0ab664b25c6aa9716cbf203b17ddb301932383046082c081b9848a0edf5add33",
                "sha256:230ef817450ab0699c6cc3c9c8f7a829c34674456f2ed8df1fe1d39780f7c87f"
            ],
            "index": "pypi",
            "version": "==2.6.1"
        },
        "pytest-django": {
            "hashes": [
                "sha256:30d773f1768e8f214a3106f1090e00300ce6edfcac8c55fd13b675fe1cbd1c85",
                "sha256:4d3283e774fe1d40630ee58bf34929b83875e4751b525eeb07a7506996eb42ee"
            ],
            "index": "pypi",
            "version": "==3.4.8"
        },
        "pytz": {
            "hashes": [
                "sha256:83a4a90894bf38e243cf052c8b58f381bfe9a7a483f6a9cab140bc7f702ac4da",
                "sha256:eb10ce3e7736052ed3623d49975ce333bcd712c7bb19a58b9e2089d4057d0798"
            ],
            "version": "==2021.1"
        },
        "sqlparse": {
            "hashes": [
                "sha256:017cde379adbd6a1f15a61873f43e8274179378e95ef3fede90b5aa64d304ed0",
                "sha256:0f91fd2e829c44362cbcfab3e9ae12e22badaa8a29ad5ff599f9ec109f0454e8"
            ],
            "version": "==0.4.1"
        },
        "toml": {
            "hashes": [
                "sha256:806143ae5bfb6a3c6e736a764057db0e6a0e05e338b5630894a5f779cabb4f9b",
                "sha256:b3bda1d108d5dd99f4a20d24d9c348e91c4db7ab1b749200bded2f839ccbe68f"
            ],
            "version": "==0.10.2"
        },
        "typing-extensions": {
            "hashes": [
                "sha256:7cb407020f00f7bfc3cb3e7881628838e69d8f3fcab2f64742a5e76b2f841918",
                "sha256:99d4073b617d30288f569d3f13d2bd7548c3a7e4c8de87db09a9d29bb3a4a60c",
                "sha256:dafc7639cde7f1b6e1acc0f457842a83e722ccca8eef5270af2d74792619a89f"
            ],
            "markers": "python_version < '3.8'",
            "version": "==3.7.4.3"
        },
        "zipp": {
            "hashes": [
                "sha256:3607921face881ba3e026887d8150cca609d517579abe052ac81fc5aeffdbd76",
                "sha256:51cb66cc54621609dd593d1787f286ee42a5c0adbb4b29abea5a63edc3e03098"
            ],
            "version": "==3.4.1"
        }
    }
}
